<?xml version="1.0" encoding="utf-8"?>
<Project ToolsVersion="4.0" xmlns="http://schemas.microsoft.com/developer/msbuild/2003">
  <ItemGroup>
    <Filter Include="Source Files">
      <UniqueIdentifier>{4FC737F1-C7A5-4376-A066-2A32D752A2FF}</UniqueIdentifier>
      <Extensions>cpp;c;cc;cxx;def;odl;idl;hpj;bat;asm;asmx</Extensions>
    </Filter>
    <Filter Include="Header Files">
      <UniqueIdentifier>{93995380-89BD-4b04-88EB-625FBE52EBFB}</UniqueIdentifier>
      <Extensions>h;hh;hpp;hxx;hm;inl;inc;xsd</Extensions>
    </Filter>
    <Filter Include="Resource Files">
      <UniqueIdentifier>{67DA6AB6-F800-4c08-8B7A-83BB121AAD01}</UniqueIdentifier>
      <Extensions>rc;ico;cur;bmp;dlg;rc2;rct;bin;rgs;gif;jpg;jpeg;jpe;resx;tiff;tif;png;wav</Extensions>
    </Filter>
  </ItemGroup>
  <ItemGroup>
    <ClCompile Include="capture\capture-v4l1.cxx">
      <Filter>Source Files</Filter>
    </ClCompile>
    <ClCompile Include="capture\capture-v4l2.cxx">
      <Filter>Source Files</Filter>
    </ClCompile>
    <ClCompile Include="capture\ImageProcessor.cxx">
      <Filter>Source Files</Filter>
    </ClCompile>
    <ClCompile Include="libs\SelectHttpServer.cxx">
      <Filter>Source Files</Filter>
    </ClCompile>
    <ClCompile Include="libs\Socket.cxx">
      <Filter>Source Files</Filter>
    </ClCompile>
    <ClCompile Include="libs\TcpServer.cxx">
      <Filter>Source Files</Filter>
    </ClCompile>
    <ClCompile Include="src\Camera.cxx">
      <Filter>Source Files</Filter>
    </ClCompile>
    <ClCompile Include="src\CameraServer.cxx">
      <Filter>Source Files</Filter>
    </ClCompile>
    <ClCompile Include="src\HttpClient.cxx">
      <Filter>Source Files</Filter>
    </ClCompile>
    <ClCompile Include="src\HttpServer.cxx">
      <Filter>Source Files</Filter>
    </ClCompile>
    <ClCompile Include="src\Main.cxx">
      <Filter>Source Files</Filter>
    </ClCompile>
    <ClCompile Include="src\Server.cxx">
      <Filter>Source Files</Filter>
    </ClCompile>
  </ItemGroup>
  <ItemGroup>
    <ClInclude Include="capture\capture-v4l1.hxx">
      <Filter>Header Files</Filter>
    </ClInclude>
    <ClInclude Include="capture\capture-v4l2.hxx">
      <Filter>Header Files</Filter>
    </ClInclude>
    <ClInclude Include="capture\ICapture.hxx">
      <Filter>Header Files</Filter>
    </ClInclude>
    <ClInclude Include="capture\ImageProcessor.hxx">
      <Filter>Header Files</Filter>
    </ClInclude>
    <ClInclude Include="include\Camera.hxx">
      <Filter>Header Files</Filter>
    </ClInclude>
    <ClInclude Include="include\CameraServer.hxx">
      <Filter>Header Files</Filter>
    </ClInclude>
    <ClInclude Include="include\HttpClient.hxx">
      <Filter>Header Files</Filter>
    </ClInclude>
    <ClInclude Include="include\HttpServer.hxx">
      <Filter>Header Files</Filter>
    </ClInclude>
    <ClInclude Include="include\IFrameFetcher.hxx">
      <Filter>Header Files</Filter>
    </ClInclude>
    <ClInclude Include="include\Server.hxx">
      <Filter>Header Files</Filter>
    </ClInclude>
    <ClInclude Include="libs\Exceptions.hxx">
      <Filter>Header Files</Filter>
    </ClInclude>
    <ClInclude Include="libs\SelectHttpServer.hxx">
      <Filter>Header Files</Filter>
    </ClInclude>
    <ClInclude Include="libs\Socket.hxx">
      <Filter>Header Files</Filter>
    </ClInclude>
    <ClInclude Include="libs\TcpServer.hxx">
      <Filter>Header Files</Filter>
    </ClInclude>
  </ItemGroup>
</Project>